
Microsoft Visual Studio Solution File, Format Version 12.00
# Visual Studio Version 16
VisualStudioVersion = 16.0.31229.75
MinimumVisualStudioVersion = 10.0.40219.1
Project("{9A19103F-16F7-4668-BE54-9A1E7A4F7556}") = "LocadoraDeFilmesPF", "LocadoraDeFilmesPF.csproj", "{96F34C39-6E39-43F3-96DC-397A51063F43}"
EndProject
Global
	GlobalSection(SolutionConfigurationPlatforms) = preSolution
		Debug|Any CPU = Debug|Any CPU
		Release|Any CPU = Release|Any CPU
	EndGlobalSection
	GlobalSection(ProjectConfigurationPlatforms) = postSolution
		{96F34C39-6E39-43F3-96DC-397A51063F43}.Debug|Any CPU.ActiveCfg = Debug|Any CPU
		{96F34C39-6E39-43F3-96DC-397A51063F43}.Debug|Any CPU.Build.0 = Debug|Any CPU
		{96F34C39-6E39-43F3-96DC-397A51063F43}.Release|Any CPU.ActiveCfg = Release|Any CPU
		{96F34C39-6E39-43F3-96DC-397A51063F43}.Release|Any CPU.Build.0 = Release|Any CPU
	EndGlobalSection
	GlobalSection(SolutionProperties) = preSolution
		HideSolutionNode = FALSE
	EndGlobalSection
	GlobalSection(ExtensibilityGlobals) = postSolution
		SolutionGuid = {3BE0008B-E042-4396-9EA8-4F7F8EC47E10}
	EndGlobalSection
EndGlobal
